<Solution>
  <Configurations>
    <Platform Name="Any CPU" />
  </Configurations>
  <Project Path="code/rottenrounds.csproj" />
  <Project Path="Editor/rottenrounds.editor.csproj" />
  <Folder Name="/Addons/">
    <Project Path="E:/SteamLibrary/steamapps/common/sbox/addons/base/code/Base Library.csproj" />
  </Folder>
  <Folder Name="/Libraries/">
    <Project Path="Libraries/clickhq.rrcustomcontentlibrary/Code/rrcustomcontentlibrary.csproj" />
    <Project Path="Libraries/clickhq.rrcustomcontentlibrary/Editor/rrcustomcontentlibrary.editor.csproj" />
    <Project Path="Libraries/clickhq.rrcustomcontentlibrary/UnitTests/rrcustomcontentlibrary.unittest.csproj" />
  </Folder>
  <Folder Name="/Tools/">
    <Project Path="E:/SteamLibrary/steamapps/common/sbox/addons/tools/code/Base Editor Library.csproj" />
    <Project Path="E:/SteamLibrary/steamapps/common/sbox/editor/ActionGraph/Code/actiongraph.csproj" />
    <Project Path="E:/SteamLibrary/steamapps/common/sbox/editor/DooEditor/Code/dooeditor.csproj" />
    <Project Path="E:/SteamLibrary/steamapps/common/sbox/editor/Hammer/Code/hammer.csproj" />
    <Project Path="E:/SteamLibrary/steamapps/common/sbox/editor/MovieMaker/Code/moviemaker.csproj" />
    <Project Path="E:/SteamLibrary/steamapps/common/sbox/editor/ShaderGraph/Code/shadergraph.csproj" />
  </Folder>
</Solution>